uuid: 2379e478-3a38-4f56-b820-23c3442b3a4c
langcode: en
status: true
dependencies:
  module:
    - rsvplist
  theme:
    - bartik
id: rsvpblock
theme: bartik
region: sidebar_first
weight: -7
provider: null
plugin: rsvp_block
settings:
  id: rsvp_block
  label: 'RSVP Block'
  provider: rsvplist
  label_display: visible
visibility: {  }
